
Microsoft Visual Studio Solution File, Format Version 12.00
# Visual Studio Version 16
VisualStudioVersion = 16.0.28407.52
MinimumVisualStudioVersion = 15.0.26124.0
Project("{E53339B2-1760-4266-BCC7-CA923CBCF16C}") = "docker-compose", "docker-compose.dcproj", "{B099C6B8-55DC-41BB-8D4E-BE496360D62F}"
EndProject
Project("{2150E333-8FDC-42A3-9474-1A3956D46DE8}") = "01Generic", "01Generic", "{559FCDFC-E52F-4941-AC9D-CCA1D1665E19}"
EndProject
Project("{9A19103F-16F7-4668-BE54-9A1E7A4F7556}") = "Generic", "01Generic\Generic.csproj", "{B6CAD28C-C65D-4CC0-9CA5-425D9F3B6E8D}"
EndProject
Project("{2150E333-8FDC-42A3-9474-1A3956D46DE8}") = "02Reflection", "02Reflection", "{7D481687-FE22-442E-82B8-D579C24E8515}"
EndProject
Project("{9A19103F-16F7-4668-BE54-9A1E7A4F7556}") = "Reflection", "02Reflection\Reflection\Reflection.csproj", "{DCE705F9-8883-41BA-A116-6AA7AEA4E6F6}"
EndProject
Project("{9A19103F-16F7-4668-BE54-9A1E7A4F7556}") = "Reflection.DB.Interface", "02Reflection\Reflection.DB.Interface\Reflection.DB.Interface.csproj", "{63E21DF5-2627-4A82-BB06-396BAE82C7A0}"
EndProject
Project("{9A19103F-16F7-4668-BE54-9A1E7A4F7556}") = "Reflection.DB.MySql", "02Reflection\Reflection.DB.MySql\Reflection.DB.MySql.csproj", "{09857AC0-C854-45FE-BB4E-4A5BCB720F06}"
EndProject
Project("{9A19103F-16F7-4668-BE54-9A1E7A4F7556}") = "Reflection.DB.Oracle", "02Reflection\Reflection.DB.Oracle\Reflection.DB.Oracle.csproj", "{4BDBE8FE-BD8A-4990-B65D-B8D338B259CF}"
EndProject
Project("{9A19103F-16F7-4668-BE54-9A1E7A4F7556}") = "Reflection.DB.SqlServer", "02Reflection\Reflection.DB.SqlServer\Reflection.DB.SqlServer.csproj", "{7550B963-B27B-409F-AFAF-ACC13EA57CD2}"
EndProject
Global
	GlobalSection(SolutionConfigurationPlatforms) = preSolution
		Debug|Any CPU = Debug|Any CPU
		Debug|x64 = Debug|x64
		Debug|x86 = Debug|x86
		Release|Any CPU = Release|Any CPU
		Release|x64 = Release|x64
		Release|x86 = Release|x86
	EndGlobalSection
	GlobalSection(ProjectConfigurationPlatforms) = postSolution
		{B099C6B8-55DC-41BB-8D4E-BE496360D62F}.Debug|Any CPU.ActiveCfg = Debug|Any CPU
		{B099C6B8-55DC-41BB-8D4E-BE496360D62F}.Debug|Any CPU.Build.0 = Debug|Any CPU
		{B099C6B8-55DC-41BB-8D4E-BE496360D62F}.Debug|x64.ActiveCfg = Debug|Any CPU
		{B099C6B8-55DC-41BB-8D4E-BE496360D62F}.Debug|x64.Build.0 = Debug|Any CPU
		{B099C6B8-55DC-41BB-8D4E-BE496360D62F}.Debug|x86.ActiveCfg = Debug|Any CPU
		{B099C6B8-55DC-41BB-8D4E-BE496360D62F}.Debug|x86.Build.0 = Debug|Any CPU
		{B099C6B8-55DC-41BB-8D4E-BE496360D62F}.Release|Any CPU.ActiveCfg = Release|Any CPU
		{B099C6B8-55DC-41BB-8D4E-BE496360D62F}.Release|Any CPU.Build.0 = Release|Any CPU
		{B099C6B8-55DC-41BB-8D4E-BE496360D62F}.Release|x64.ActiveCfg = Release|Any CPU
		{B099C6B8-55DC-41BB-8D4E-BE496360D62F}.Release|x64.Build.0 = Release|Any CPU
		{B099C6B8-55DC-41BB-8D4E-BE496360D62F}.Release|x86.ActiveCfg = Release|Any CPU
		{B099C6B8-55DC-41BB-8D4E-BE496360D62F}.Release|x86.Build.0 = Release|Any CPU
		{B6CAD28C-C65D-4CC0-9CA5-425D9F3B6E8D}.Debug|Any CPU.ActiveCfg = Debug|Any CPU
		{B6CAD28C-C65D-4CC0-9CA5-425D9F3B6E8D}.Debug|Any CPU.Build.0 = Debug|Any CPU
		{B6CAD28C-C65D-4CC0-9CA5-425D9F3B6E8D}.Debug|x64.ActiveCfg = Debug|Any CPU
		{B6CAD28C-C65D-4CC0-9CA5-425D9F3B6E8D}.Debug|x64.Build.0 = Debug|Any CPU
		{B6CAD28C-C65D-4CC0-9CA5-425D9F3B6E8D}.Debug|x86.ActiveCfg = Debug|Any CPU
		{B6CAD28C-C65D-4CC0-9CA5-425D9F3B6E8D}.Debug|x86.Build.0 = Debug|Any CPU
		{B6CAD28C-C65D-4CC0-9CA5-425D9F3B6E8D}.Release|Any CPU.ActiveCfg = Release|Any CPU
		{B6CAD28C-C65D-4CC0-9CA5-425D9F3B6E8D}.Release|Any CPU.Build.0 = Release|Any CPU
		{B6CAD28C-C65D-4CC0-9CA5-425D9F3B6E8D}.Release|x64.ActiveCfg = Release|Any CPU
		{B6CAD28C-C65D-4CC0-9CA5-425D9F3B6E8D}.Release|x64.Build.0 = Release|Any CPU
		{B6CAD28C-C65D-4CC0-9CA5-425D9F3B6E8D}.Release|x86.ActiveCfg = Release|Any CPU
		{B6CAD28C-C65D-4CC0-9CA5-425D9F3B6E8D}.Release|x86.Build.0 = Release|Any CPU
		{DCE705F9-8883-41BA-A116-6AA7AEA4E6F6}.Debug|Any CPU.ActiveCfg = Debug|Any CPU
		{DCE705F9-8883-41BA-A116-6AA7AEA4E6F6}.Debug|Any CPU.Build.0 = Debug|Any CPU
		{DCE705F9-8883-41BA-A116-6AA7AEA4E6F6}.Debug|x64.ActiveCfg = Debug|Any CPU
		{DCE705F9-8883-41BA-A116-6AA7AEA4E6F6}.Debug|x64.Build.0 = Debug|Any CPU
		{DCE705F9-8883-41BA-A116-6AA7AEA4E6F6}.Debug|x86.ActiveCfg = Debug|Any CPU
		{DCE705F9-8883-41BA-A116-6AA7AEA4E6F6}.Debug|x86.Build.0 = Debug|Any CPU
		{DCE705F9-8883-41BA-A116-6AA7AEA4E6F6}.Release|Any CPU.ActiveCfg = Release|Any CPU
		{DCE705F9-8883-41BA-A116-6AA7AEA4E6F6}.Release|Any CPU.Build.0 = Release|Any CPU
		{DCE705F9-8883-41BA-A116-6AA7AEA4E6F6}.Release|x64.ActiveCfg = Release|Any CPU
		{DCE705F9-8883-41BA-A116-6AA7AEA4E6F6}.Release|x64.Build.0 = Release|Any CPU
		{DCE705F9-8883-41BA-A116-6AA7AEA4E6F6}.Release|x86.ActiveCfg = Release|Any CPU
		{DCE705F9-8883-41BA-A116-6AA7AEA4E6F6}.Release|x86.Build.0 = Release|Any CPU
		{63E21DF5-2627-4A82-BB06-396BAE82C7A0}.Debug|Any CPU.ActiveCfg = Debug|Any CPU
		{63E21DF5-2627-4A82-BB06-396BAE82C7A0}.Debug|Any CPU.Build.0 = Debug|Any CPU
		{63E21DF5-2627-4A82-BB06-396BAE82C7A0}.Debug|x64.ActiveCfg = Debug|Any CPU
		{63E21DF5-2627-4A82-BB06-396BAE82C7A0}.Debug|x64.Build.0 = Debug|Any CPU
		{63E21DF5-2627-4A82-BB06-396BAE82C7A0}.Debug|x86.ActiveCfg = Debug|Any CPU
		{63E21DF5-2627-4A82-BB06-396BAE82C7A0}.Debug|x86.Build.0 = Debug|Any CPU
		{63E21DF5-2627-4A82-BB06-396BAE82C7A0}.Release|Any CPU.ActiveCfg = Release|Any CPU
		{63E21DF5-2627-4A82-BB06-396BAE82C7A0}.Release|Any CPU.Build.0 = Release|Any CPU
		{63E21DF5-2627-4A82-BB06-396BAE82C7A0}.Release|x64.ActiveCfg = Release|Any CPU
		{63E21DF5-2627-4A82-BB06-396BAE82C7A0}.Release|x64.Build.0 = Release|Any CPU
		{63E21DF5-2627-4A82-BB06-396BAE82C7A0}.Release|x86.ActiveCfg = Release|Any CPU
		{63E21DF5-2627-4A82-BB06-396BAE82C7A0}.Release|x86.Build.0 = Release|Any CPU
		{09857AC0-C854-45FE-BB4E-4A5BCB720F06}.Debug|Any CPU.ActiveCfg = Debug|Any CPU
		{09857AC0-C854-45FE-BB4E-4A5BCB720F06}.Debug|Any CPU.Build.0 = Debug|Any CPU
		{09857AC0-C854-45FE-BB4E-4A5BCB720F06}.Debug|x64.ActiveCfg = Debug|Any CPU
		{09857AC0-C854-45FE-BB4E-4A5BCB720F06}.Debug|x64.Build.0 = Debug|Any CPU
		{09857AC0-C854-45FE-BB4E-4A5BCB720F06}.Debug|x86.ActiveCfg = Debug|Any CPU
		{09857AC0-C854-45FE-BB4E-4A5BCB720F06}.Debug|x86.Build.0 = Debug|Any CPU
		{09857AC0-C854-45FE-BB4E-4A5BCB720F06}.Release|Any CPU.ActiveCfg = Release|Any CPU
		{09857AC0-C854-45FE-BB4E-4A5BCB720F06}.Release|Any CPU.Build.0 = Release|Any CPU
		{09857AC0-C854-45FE-BB4E-4A5BCB720F06}.Release|x64.ActiveCfg = Release|Any CPU
		{09857AC0-C854-45FE-BB4E-4A5BCB720F06}.Release|x64.Build.0 = Release|Any CPU
		{09857AC0-C854-45FE-BB4E-4A5BCB720F06}.Release|x86.ActiveCfg = Release|Any CPU
		{09857AC0-C854-45FE-BB4E-4A5BCB720F06}.Release|x86.Build.0 = Release|Any CPU
		{4BDBE8FE-BD8A-4990-B65D-B8D338B259CF}.Debug|Any CPU.ActiveCfg = Debug|Any CPU
		{4BDBE8FE-BD8A-4990-B65D-B8D338B259CF}.Debug|Any CPU.Build.0 = Debug|Any CPU
		{4BDBE8FE-BD8A-4990-B65D-B8D338B259CF}.Debug|x64.ActiveCfg = Debug|Any CPU
		{4BDBE8FE-BD8A-4990-B65D-B8D338B259CF}.Debug|x64.Build.0 = Debug|Any CPU
		{4BDBE8FE-BD8A-4990-B65D-B8D338B259CF}.Debug|x86.ActiveCfg = Debug|Any CPU
		{4BDBE8FE-BD8A-4990-B65D-B8D338B259CF}.Debug|x86.Build.0 = Debug|Any CPU
		{4BDBE8FE-BD8A-4990-B65D-B8D338B259CF}.Release|Any CPU.ActiveCfg = Release|Any CPU
		{4BDBE8FE-BD8A-4990-B65D-B8D338B259CF}.Release|Any CPU.Build.0 = Release|Any CPU
		{4BDBE8FE-BD8A-4990-B65D-B8D338B259CF}.Release|x64.ActiveCfg = Release|Any CPU
		{4BDBE8FE-BD8A-4990-B65D-B8D338B259CF}.Release|x64.Build.0 = Release|Any CPU
		{4BDBE8FE-BD8A-4990-B65D-B8D338B259CF}.Release|x86.ActiveCfg = Release|Any CPU
		{4BDBE8FE-BD8A-4990-B65D-B8D338B259CF}.Release|x86.Build.0 = Release|Any CPU
		{7550B963-B27B-409F-AFAF-ACC13EA57CD2}.Debug|Any CPU.ActiveCfg = Debug|Any CPU
		{7550B963-B27B-409F-AFAF-ACC13EA57CD2}.Debug|Any CPU.Build.0 = Debug|Any CPU
		{7550B963-B27B-409F-AFAF-ACC13EA57CD2}.Debug|x64.ActiveCfg = Debug|Any CPU
		{7550B963-B27B-409F-AFAF-ACC13EA57CD2}.Debug|x64.Build.0 = Debug|Any CPU
		{7550B963-B27B-409F-AFAF-ACC13EA57CD2}.Debug|x86.ActiveCfg = Debug|Any CPU
		{7550B963-B27B-409F-AFAF-ACC13EA57CD2}.Debug|x86.Build.0 = Debug|Any CPU
		{7550B963-B27B-409F-AFAF-ACC13EA57CD2}.Release|Any CPU.ActiveCfg = Release|Any CPU
		{7550B963-B27B-409F-AFAF-ACC13EA57CD2}.Release|Any CPU.Build.0 = Release|Any CPU
		{7550B963-B27B-409F-AFAF-ACC13EA57CD2}.Release|x64.ActiveCfg = Release|Any CPU
		{7550B963-B27B-409F-AFAF-ACC13EA57CD2}.Release|x64.Build.0 = Release|Any CPU
		{7550B963-B27B-409F-AFAF-ACC13EA57CD2}.Release|x86.ActiveCfg = Release|Any CPU
		{7550B963-B27B-409F-AFAF-ACC13EA57CD2}.Release|x86.Build.0 = Release|Any CPU
	EndGlobalSection
	GlobalSection(SolutionProperties) = preSolution
		HideSolutionNode = FALSE
	EndGlobalSection
	GlobalSection(NestedProjects) = preSolution
		{B6CAD28C-C65D-4CC0-9CA5-425D9F3B6E8D} = {559FCDFC-E52F-4941-AC9D-CCA1D1665E19}
		{DCE705F9-8883-41BA-A116-6AA7AEA4E6F6} = {7D481687-FE22-442E-82B8-D579C24E8515}
		{63E21DF5-2627-4A82-BB06-396BAE82C7A0} = {7D481687-FE22-442E-82B8-D579C24E8515}
		{09857AC0-C854-45FE-BB4E-4A5BCB720F06} = {7D481687-FE22-442E-82B8-D579C24E8515}
		{4BDBE8FE-BD8A-4990-B65D-B8D338B259CF} = {7D481687-FE22-442E-82B8-D579C24E8515}
		{7550B963-B27B-409F-AFAF-ACC13EA57CD2} = {7D481687-FE22-442E-82B8-D579C24E8515}
	EndGlobalSection
	GlobalSection(ExtensibilityGlobals) = postSolution
		SolutionGuid = {5DD4E05E-8E9A-42CD-A9C2-0471C9B6B486}
	EndGlobalSection
EndGlobal
